// !$*UTF8*$!
{
	archiveVersion = 1;
	classes = {
	};
	objectVersion = 56;
	objects = {

/* Begin PBXBuildFile section */
		9FED3AFA2C0F19A0008D2CB2 /* TemperatureController.swift in Sources */ = {isa = PBXBuildFile; fileRef = 9FED3AF92C0F19A0008D2CB2 /* TemperatureController.swift */; };
		9FED3AFE2C0F4AE3008D2CB2 /* MapUIController.swift in Sources */ = {isa = PBXBuildFile; fileRef = 9FED3AFD2C0F4AE3008D2CB2 /* MapUIController.swift */; };
		C60EB35B2C0EE30F00E0B362 /* AppDelegate.swift in Sources */ = {isa = PBXBuildFile; fileRef = C60EB35A2C0EE30F00E0B362 /* AppDelegate.swift */; };
		C60EB35D2C0EE30F00E0B362 /* SceneDelegate.swift in Sources */ = {isa = PBXBuildFile; fileRef = C60EB35C2C0EE30F00E0B362 /* SceneDelegate.swift */; };
		C60EB35F2C0EE30F00E0B362 /* CustomTabCarController.swift in Sources */ = {isa = PBXBuildFile; fileRef = C60EB35E2C0EE30F00E0B362 /* CustomTabCarController.swift */; };
		C60EB3622C0EE30F00E0B362 /* Main.storyboard in Resources */ = {isa = PBXBuildFile; fileRef = C60EB3602C0EE30F00E0B362 /* Main.storyboard */; };
		C60EB3642C0EE31000E0B362 /* Assets.xcassets in Resources */ = {isa = PBXBuildFile; fileRef = C60EB3632C0EE31000E0B362 /* Assets.xcassets */; };
		C60EB3672C0EE31000E0B362 /* LaunchScreen.storyboard in Resources */ = {isa = PBXBuildFile; fileRef = C60EB3652C0EE31000E0B362 /* LaunchScreen.storyboard */; };
		C60EB3722C0EE31000E0B362 /* WorldTempDemoTests.swift in Sources */ = {isa = PBXBuildFile; fileRef = C60EB3712C0EE31000E0B362 /* WorldTempDemoTests.swift */; };
		C60EB37C2C0EE31000E0B362 /* WorldTempDemoUITests.swift in Sources */ = {isa = PBXBuildFile; fileRef = C60EB37B2C0EE31000E0B362 /* WorldTempDemoUITests.swift */; };
		C60EB37E2C0EE31000E0B362 /* WorldTempDemoUITestsLaunchTests.swift in Sources */ = {isa = PBXBuildFile; fileRef = C60EB37D2C0EE31000E0B362 /* WorldTempDemoUITestsLaunchTests.swift */; };
/* End PBXBuildFile section */

/* Begin PBXContainerItemProxy section */
		C60EB36E2C0EE31000E0B362 /* PBXContainerItemProxy */ = {
			isa = PBXContainerItemProxy;
			containerPortal = C60EB34F2C0EE30F00E0B362 /* Project object */;
			proxyType = 1;
			remoteGlobalIDString = C60EB3562C0EE30F00E0B362;
			remoteInfo = WorldTempDemo;
		};
		C60EB3782C0EE31000E0B362 /* PBXContainerItemProxy */ = {
			isa = PBXContainerItemProxy;
			containerPortal = C60EB34F2C0EE30F00E0B362 /* Project object */;
			proxyType = 1;
			remoteGlobalIDString = C60EB3562C0EE30F00E0B362;
			remoteInfo = WorldTempDemo;
		};
/* End PBXContainerItemProxy section */

/* Begin PBXFileReference section */
		9FED3AF92C0F19A0008D2CB2 /* TemperatureController.swift */ = {isa = PBXFileReference; lastKnownFileType = sourcecode.swift; path = TemperatureController.swift; sourceTree = "<group>"; };
		9FED3AFD2C0F4AE3008D2CB2 /* MapUIController.swift */ = {isa = PBXFileReference; lastKnownFileType = sourcecode.swift; path = MapUIController.swift; sourceTree = "<group>"; };
		C60EB3572C0EE30F00E0B362 /* WorldTempDemo.app */ = {isa = PBXFileReference; explicitFileType = wrapper.application; includeInIndex = 0; path = WorldTempDemo.app; sourceTree = BUILT_PRODUCTS_DIR; };
		C60EB35A2C0EE30F00E0B362 /* AppDelegate.swift */ = {isa = PBXFileReference; lastKnownFileType = sourcecode.swift; path = AppDelegate.swift; sourceTree = "<group>"; };
		C60EB35C2C0EE30F00E0B362 /* SceneDelegate.swift */ = {isa = PBXFileReference; lastKnownFileType = sourcecode.swift; path = SceneDelegate.swift; sourceTree = "<group>"; };
		C60EB35E2C0EE30F00E0B362 /* CustomTabCarController.swift */ = {isa = PBXFileReference; lastKnownFileType = sourcecode.swift; path = CustomTabCarController.swift; sourceTree = "<group>"; };
		C60EB3612C0EE30F00E0B362 /* Base */ = {isa = PBXFileReference; lastKnownFileType = file.storyboard; name = Base; path = Base.lproj/Main.storyboard; sourceTree = "<group>"; };
		C60EB3632C0EE31000E0B362 /* Assets.xcassets */ = {isa = PBXFileReference; lastKnownFileType = folder.assetcatalog; path = Assets.xcassets; sourceTree = "<group>"; };
		C60EB3662C0EE31000E0B362 /* Base */ = {isa = PBXFileReference; lastKnownFileType = file.storyboard; name = Base; path = Base.lproj/LaunchScreen.storyboard; sourceTree = "<group>"; };
		C60EB3682C0EE31000E0B362 /* Info.plist */ = {isa = PBXFileReference; lastKnownFileType = text.plist.xml; path = Info.plist; sourceTree = "<group>"; };
		C60EB36D2C0EE31000E0B362 /* WorldTempDemoTests.xctest */ = {isa = PBXFileReference; explicitFileType = wrapper.cfbundle; includeInIndex = 0; path = WorldTempDemoTests.xctest; sourceTree = BUILT_PRODUCTS_DIR; };
		C60EB3712C0EE31000E0B362 /* WorldTempDemoTests.swift */ = {isa = PBXFileReference; lastKnownFileType = sourcecode.swift; path = WorldTempDemoTests.swift; sourceTree = "<group>"; };
		C60EB3772C0EE31000E0B362 /* WorldTempDemoUITests.xctest */ = {isa = PBXFileReference; explicitFileType = wrapper.cfbundle; includeInIndex = 0; path = WorldTempDemoUITests.xctest; sourceTree = BUILT_PRODUCTS_DIR; };
		C60EB37B2C0EE31000E0B362 /* WorldTempDemoUITests.swift */ = {isa = PBXFileReference; lastKnownFileType = sourcecode.swift; path = WorldTempDemoUITests.swift; sourceTree = "<group>"; };
		C60EB37D2C0EE31000E0B362 /* WorldTempDemoUITestsLaunchTests.swift */ = {isa = PBXFileReference; lastKnownFileType = sourcecode.swift; path = WorldTempDemoUITestsLaunchTests.swift; sourceTree = "<group>"; };
/* End PBXFileReference section */

/* Begin PBXFrameworksBuildPhase section */
		C60EB3542C0EE30F00E0B362 /* Frameworks */ = {
			isa = PBXFrameworksBuildPhase;
			buildActionMask = 2147483647;
			files = (
			);
			runOnlyForDeploymentPostprocessing = 0;
		};
		C60EB36A2C0EE31000E0B362 /* Frameworks */ = {
			isa = PBXFrameworksBuildPhase;
			buildActionMask = 2147483647;
			files = (
			);
			runOnlyForDeploymentPostprocessing = 0;
		};
		C60EB3742C0EE31000E0B362 /* Frameworks */ = {
			isa = PBXFrameworksBuildPhase;
			buildActionMask = 2147483647;
			files = (
			);
			runOnlyForDeploymentPostprocessing = 0;
		};
/* End PBXFrameworksBuildPhase section */

/* Begin PBXGroup section */
		C60EB34E2C0EE30F00E0B362 = {
			isa = PBXGroup;
			children = (
				C60EB3592C0EE30F00E0B362 /* WorldTempDemo */,
				C60EB3702C0EE31000E0B362 /* WorldTempDemoTests */,
				C60EB37A2C0EE31000E0B362 /* WorldTempDemoUITests */,
				C60EB3582C0EE30F00E0B362 /* Products */,
			);
			sourceTree = "<group>";
		};
		C60EB3582C0EE30F00E0B362 /* Products */ = {
			isa = PBXGroup;
			children = (
				C60EB3572C0EE30F00E0B362 /* WorldTempDemo.app */,
				C60EB36D2C0EE31000E0B362 /* WorldTempDemoTests.xctest */,
				C60EB3772C0EE31000E0B362 /* WorldTempDemoUITests.xctest */,
			);
			name = Products;
			sourceTree = "<group>";
		};
		C60EB3592C0EE30F00E0B362 /* WorldTempDemo */ = {
			isa = PBXGroup;
			children = (
				C60EB35A2C0EE30F00E0B362 /* AppDelegate.swift */,
				C60EB35C2C0EE30F00E0B362 /* SceneDelegate.swift */,
				C60EB35E2C0EE30F00E0B362 /* CustomTabCarController.swift */,
				C60EB3602C0EE30F00E0B362 /* Main.storyboard */,
				C60EB3632C0EE31000E0B362 /* Assets.xcassets */,
				C60EB3652C0EE31000E0B362 /* LaunchScreen.storyboard */,
				C60EB3682C0EE31000E0B362 /* Info.plist */,
				9FED3AF92C0F19A0008D2CB2 /* TemperatureController.swift */,
				9FED3AFD2C0F4AE3008D2CB2 /* MapUIController.swift */,
			);
			path = WorldTempDemo;
			sourceTree = "<group>";
		};
		C60EB3702C0EE31000E0B362 /* WorldTempDemoTests */ = {
			isa = PBXGroup;
			children = (
				C60EB3712C0EE31000E0B362 /* WorldTempDemoTests.swift */,
			);
			path = WorldTempDemoTests;
			sourceTree = "<group>";
		};
		C60EB37A2C0EE31000E0B362 /* WorldTempDemoUITests */ = {
			isa = PBXGroup;
			children = (
				C60EB37B2C0EE31000E0B362 /* WorldTempDemoUITests.swift */,
				C60EB37D2C0EE31000E0B362 /* WorldTempDemoUITestsLaunchTests.swift */,
			);
			path = WorldTempDemoUITests;
			sourceTree = "<group>";
		};
/* End PBXGroup section */

/* Begin PBXNativeTarget section */
		C60EB3562C0EE30F00E0B362 /* WorldTempDemo */ = {
			isa = PBXNativeTarget;
			buildConfigurationList = C60EB3812C0EE31000E0B362 /* Build configuration list for PBXNativeTarget "WorldTempDemo" */;
			buildPhases = (
				C60EB3532C0EE30F00E0B362 /* Sources */,
				C60EB3542C0EE30F00E0B362 /* Frameworks */,
				C60EB3552C0EE30F00E0B362 /* Resources */,
			);
			buildRules = (
			);
			dependencies = (
			);
			name = WorldTempDemo;
			productName = WorldTempDemo;
			productReference = C60EB3572C0EE30F00E0B362 /* WorldTempDemo.app */;
			productType = "com.apple.product-type.application";
		};
		C60EB36C2C0EE31000E0B362 /* WorldTempDemoTests */ = {
			isa = PBXNativeTarget;
			buildConfigurationList = C60EB3842C0EE31000E0B362 /* Build configuration list for PBXNativeTarget "WorldTempDemoTests" */;
			buildPhases = (
				C60EB3692C0EE31000E0B362 /* Sources */,
				C60EB36A2C0EE31000E0B362 /* Frameworks */,
				C60EB36B2C0EE31000E0B362 /* Resources */,
			);
			buildRules = (
			);
			dependencies = (
				C60EB36F2C0EE31000E0B362 /* PBXTargetDependency */,
			);
			name = WorldTempDemoTests;
			productName = WorldTempDemoTests;
			productReference = C60EB36D2C0EE31000E0B362 /* WorldTempDemoTests.xctest */;
			productType = "com.apple.product-type.bundle.unit-test";
		};
		C60EB3762C0EE31000E0B362 /* WorldTempDemoUITests */ = {
			isa = PBXNativeTarget;
			buildConfigurationList = C60EB3872C0EE31000E0B362 /* Build configuration list for PBXNativeTarget "WorldTempDemoUITests" */;
			buildPhases = (
				C60EB3732C0EE31000E0B362 /* Sources */,
				C60EB3742C0EE31000E0B362 /* Frameworks */,
				C60EB3752C0EE31000E0B362 /* Resources */,
			);
			buildRules = (
			);
			dependencies = (
				C60EB3792C0EE31000E0B362 /* PBXTargetDependency */,
			);
			name = WorldTempDemoUITests;
			productName = WorldTempDemoUITests;
			productReference = C60EB3772C0EE31000E0B362 /* WorldTempDemoUITests.xctest */;
			productType = "com.apple.product-type.bundle.ui-testing";
		};
/* End PBXNativeTarget section */

/* Begin PBXProject section */
		C60EB34F2C0EE30F00E0B362 /* Project object */ = {
			isa = PBXProject;
			attributes = {
				BuildIndependentTargetsInParallel = 1;
				LastSwiftUpdateCheck = 1520;
				LastUpgradeCheck = 1520;
				TargetAttributes = {
					C60EB3562C0EE30F00E0B362 = {
						CreatedOnToolsVersion = 15.2;
					};
					C60EB36C2C0EE31000E0B362 = {
						CreatedOnToolsVersion = 15.2;
						TestTargetID = C60EB3562C0EE30F00E0B362;
					};
					C60EB3762C0EE31000E0B362 = {
						CreatedOnToolsVersion = 15.2;
						TestTargetID = C60EB3562C0EE30F00E0B362;
					};
				};
			};
			buildConfigurationList = C60EB3522C0EE30F00E0B362 /* Build configuration list for PBXProject "WorldTempDemo" */;
			compatibilityVersion = "Xcode 14.0";
			developmentRegion = en;
			hasScannedForEncodings = 0;
			knownRegions = (
				en,
				Base,
			);
			mainGroup = C60EB34E2C0EE30F00E0B362;
			productRefGroup = C60EB3582C0EE30F00E0B362 /* Products */;
			projectDirPath = "";
			projectRoot = "";
			targets = (
				C60EB3562C0EE30F00E0B362 /* WorldTempDemo */,
				C60EB36C2C0EE31000E0B362 /* WorldTempDemoTests */,
				C60EB3762C0EE31000E0B362 /* WorldTempDemoUITests */,
			);
		};
/* End PBXProject section */

/* Begin PBXResourcesBuildPhase section */
		C60EB3552C0EE30F00E0B362 /* Resources */ = {
			isa = PBXResourcesBuildPhase;
			buildActionMask = 2147483647;
			files = (
				C60EB3672C0EE31000E0B362 /* LaunchScreen.storyboard in Resources */,
				C60EB3642C0EE31000E0B362 /* Assets.xcassets in Resources */,
				C60EB3622C0EE30F00E0B362 /* Main.storyboard in Resources */,
			);
			runOnlyForDeploymentPostprocessing = 0;
		};
		C60EB36B2C0EE31000E0B362 /* Resources */ = {
			isa = PBXResourcesBuildPhase;
			buildActionMask = 2147483647;
			files = (
			);
			runOnlyForDeploymentPostprocessing = 0;
		};
		C60EB3752C0EE31000E0B362 /* Resources */ = {
			isa = PBXResourcesBuildPhase;
			buildActionMask = 2147483647;
			files = (
			);
			runOnlyForDeploymentPostprocessing = 0;
		};
/* End PBXResourcesBuildPhase section */

/* Begin PBXSourcesBuildPhase section */
		C60EB3532C0EE30F00E0B362 /* Sources */ = {
			isa = PBXSourcesBuildPhase;
			buildActionMask = 2147483647;
			files = (
				9FED3AFA2C0F19A0008D2CB2 /* TemperatureController.swift in Sources */,
				9FED3AFE2C0F4AE3008D2CB2 /* MapUIController.swift in Sources */,
				C60EB35F2C0EE30F00E0B362 /* CustomTabCarController.swift in Sources */,
				C60EB35B2C0EE30F00E0B362 /* AppDelegate.swift in Sources */,
				C60EB35D2C0EE30F00E0B362 /* SceneDelegate.swift in Sources */,
			);
			runOnlyForDeploymentPostprocessing = 0;
		};
		C60EB3692C0EE31000E0B362 /* Sources */ = {
			isa = PBXSourcesBuildPhase;
			buildActionMask = 2147483647;
			files = (
				C60EB3722C0EE31000E0B362 /* WorldTempDemoTests.swift in Sources */,
			);
			runOnlyForDeploymentPostprocessing = 0;
		};
		C60EB3732C0EE31000E0B362 /* Sources */ = {
			isa = PBXSourcesBuildPhase;
			buildActionMask = 2147483647;
			files = (
				C60EB37E2C0EE31000E0B362 /* WorldTempDemoUITestsLaunchTests.swift in Sources */,
				C60EB37C2C0EE31000E0B362 /* WorldTempDemoUITests.swift in Sources */,
			);
			runOnlyForDeploymentPostprocessing = 0;
		};
/* End PBXSourcesBuildPhase section */

/* Begin PBXTargetDependency section */
		C60EB36F2C0EE31000E0B362 /* PBXTargetDependency */ = {
			isa = PBXTargetDependency;
			target = C60EB3562C0EE30F00E0B362 /* WorldTempDemo */;
			targetProxy = C60EB36E2C0EE31000E0B362 /* PBXContainerItemProxy */;
		};
		C60EB3792C0EE31000E0B362 /* PBXTargetDependency */ = {
			isa = PBXTargetDependency;
			target = C60EB3562C0EE30F00E0B362 /* WorldTempDemo */;
			targetProxy = C60EB3782C0EE31000E0B362 /* PBXContainerItemProxy */;
		};
/* End PBXTargetDependency section */

/* Begin PBXVariantGroup section */
		C60EB3602C0EE30F00E0B362 /* Main.storyboard */ = {
			isa = PBXVariantGroup;
			children = (
				C60EB3612C0EE30F00E0B362 /* Base */,
			);
			name = Main.storyboard;
			sourceTree = "<group>";
		};
		C60EB3652C0EE31000E0B362 /* LaunchScreen.storyboard */ = {
			isa = PBXVariantGroup;
			children = (
				C60EB3662C0EE31000E0B362 /* Base */,
			);
			name = LaunchScreen.storyboard;
			sourceTree = "<group>";
		};
/* End PBXVariantGroup section */

/* Begin XCBuildConfiguration section */
		C60EB37F2C0EE31000E0B362 /* Debug */ = {
			isa = XCBuildConfiguration;
			buildSettings = {
				ALWAYS_SEARCH_USER_PATHS = NO;
				ASSETCATALOG_COMPILER_GENERATE_SWIFT_ASSET_SYMBOL_EXTENSIONS = YES;
				CLANG_ANALYZER_NONNULL = YES;
				CLANG_ANALYZER_NUMBER_OBJECT_CONVERSION = YES_AGGRESSIVE;
				CLANG_CXX_LANGUAGE_STANDARD = "gnu++20";
				CLANG_ENABLE_MODULES = YES;
				CLANG_ENABLE_OBJC_ARC = YES;
				CLANG_ENABLE_OBJC_WEAK = YES;
				CLANG_WARN_BLOCK_CAPTURE_AUTORELEASING = YES;
				CLANG_WARN_BOOL_CONVERSION = YES;
				CLANG_WARN_COMMA = YES;
				CLANG_WARN_CONSTANT_CONVERSION = YES;
				CLANG_WARN_DEPRECATED_OBJC_IMPLEMENTATIONS = YES;
				CLANG_WARN_DIRECT_OBJC_ISA_USAGE = YES_ERROR;
				CLANG_WARN_DOCUMENTATION_COMMENTS = YES;
				CLANG_WARN_EMPTY_BODY = YES;
				CLANG_WARN_ENUM_CONVERSION = YES;
				CLANG_WARN_INFINITE_RECURSION = YES;
				CLANG_WARN_INT_CONVERSION = YES;
				CLANG_WARN_NON_LITERAL_NULL_CONVERSION = YES;
				CLANG_WARN_OBJC_IMPLICIT_RETAIN_SELF = YES;
				CLANG_WARN_OBJC_LITERAL_CONVERSION = YES;
				CLANG_WARN_OBJC_ROOT_CLASS = YES_ERROR;
				CLANG_WARN_QUOTED_INCLUDE_IN_FRAMEWORK_HEADER = YES;
				CLANG_WARN_RANGE_LOOP_ANALYSIS = YES;
				CLANG_WARN_STRICT_PROTOTYPES = YES;
				CLANG_WARN_SUSPICIOUS_MOVE = YES;
				CLANG_WARN_UNGUARDED_AVAILABILITY = YES_AGGRESSIVE;
				CLANG_WARN_UNREACHABLE_CODE = YES;
				CLANG_WARN__DUPLICATE_METHOD_MATCH = YES;
				COPY_PHASE_STRIP = NO;
				DEBUG_INFORMATION_FORMAT = dwarf;
				ENABLE_STRICT_OBJC_MSGSEND = YES;
				ENABLE_TESTABILITY = YES;
				ENABLE_USER_SCRIPT_SANDBOXING = YES;
				GCC_C_LANGUAGE_STANDARD = gnu17;
				GCC_DYNAMIC_NO_PIC = NO;
				GCC_NO_COMMON_BLOCKS = YES;
				GCC_OPTIMIZATION_LEVEL = 0;
				GCC_PREPROCESSOR_DEFINITIONS = (
					"DEBUG=1",
					"$(inherited)",
				);
				GCC_WARN_64_TO_32_BIT_CONVERSION = YES;
				GCC_WARN_ABOUT_RETURN_TYPE = YES_ERROR;
				GCC_WARN_UNDECLARED_SELECTOR = YES;
				GCC_WARN_UNINITIALIZED_AUTOS = YES_AGGRESSIVE;
				GCC_WARN_UNUSED_FUNCTION = YES;
				GCC_WARN_UNUSED_VARIABLE = YES;
				IPHONEOS_DEPLOYMENT_TARGET = 17.2;
				LOCALIZATION_PREFERS_STRING_CATALOGS = YES;
				MTL_ENABLE_DEBUG_INFO = INCLUDE_SOURCE;
				MTL_FAST_MATH = YES;
				ONLY_ACTIVE_ARCH = YES;
				SDKROOT = iphoneos;
				SWIFT_ACTIVE_COMPILATION_CONDITIONS = "DEBUG $(inherited)";
				SWIFT_OPTIMIZATION_LEVEL = "-Onone";
			};
			name = Debug;
		};
		C60EB3802C0EE31000E0B362 /* Release */ = {
			isa = XCBuildConfiguration;
			buildSettings = {
				ALWAYS_SEARCH_USER_PATHS = NO;
				ASSETCATALOG_COMPILER_GENERATE_SWIFT_ASSET_SYMBOL_EXTENSIONS = YES;
				CLANG_ANALYZER_NONNULL = YES;
				CLANG_ANALYZER_NUMBER_OBJECT_CONVERSION = YES_AGGRESSIVE;
				CLANG_CXX_LANGUAGE_STANDARD = "gnu++20";
				CLANG_ENABLE_MODULES = YES;
				CLANG_ENABLE_OBJC_ARC = YES;
				CLANG_ENABLE_OBJC_WEAK = YES;
				CLANG_WARN_BLOCK_CAPTURE_AUTORELEASING = YES;
				CLANG_WARN_BOOL_CONVERSION = YES;
				CLANG_WARN_COMMA = YES;
				CLANG_WARN_CONSTANT_CONVERSION = YES;
				CLANG_WARN_DEPRECATED_OBJC_IMPLEMENTATIONS = YES;
				CLANG_WARN_DIRECT_OBJC_ISA_USAGE = YES_ERROR;
				CLANG_WARN_DOCUMENTATION_COMMENTS = YES;
				CLANG_WARN_EMPTY_BODY = YES;
				CLANG_WARN_ENUM_CONVERSION = YES;
				CLANG_WARN_INFINITE_RECURSION = YES;
				CLANG_WARN_INT_CONVERSION = YES;
				CLANG_WARN_NON_LITERAL_NULL_CONVERSION = YES;
				CLANG_WARN_OBJC_IMPLICIT_RETAIN_SELF = YES;
				CLANG_WARN_OBJC_LITERAL_CONVERSION = YES;
				CLANG_WARN_OBJC_ROOT_CLASS = YES_ERROR;
				CLANG_WARN_QUOTED_INCLUDE_IN_FRAMEWORK_HEADER = YES;
				CLANG_WARN_RANGE_LOOP_ANALYSIS = YES;
				CLANG_WARN_STRICT_PROTOTYPES = YES;
				CLANG_WARN_SUSPICIOUS_MOVE = YES;
				CLANG_WARN_UNGUARDED_AVAILABILITY = YES_AGGRESSIVE;
				CLANG_WARN_UNREACHABLE_CODE = YES;
				CLANG_WARN__DUPLICATE_METHOD_MATCH = YES;
				COPY_PHASE_STRIP = NO;
				DEBUG_INFORMATION_FORMAT = "dwarf-with-dsym";
				ENABLE_NS_ASSERTIONS = NO;
				ENABLE_STRICT_OBJC_MSGSEND = YES;
				ENABLE_USER_SCRIPT_SANDBOXING = YES;
				GCC_C_LANGUAGE_STANDARD = gnu17;
				GCC_NO_COMMON_BLOCKS = YES;
				GCC_WARN_64_TO_32_BIT_CONVERSION = YES;
				GCC_WARN_ABOUT_RETURN_TYPE = YES_ERROR;
				GCC_WARN_UNDECLARED_SELECTOR = YES;
				GCC_WARN_UNINITIALIZED_AUTOS = YES_AGGRESSIVE;
				GCC_WARN_UNUSED_FUNCTION = YES;
				GCC_WARN_UNUSED_VARIABLE = YES;
				IPHONEOS_DEPLOYMENT_TARGET = 17.2;
				LOCALIZATION_PREFERS_STRING_CATALOGS = YES;
				MTL_ENABLE_DEBUG_INFO = NO;
				MTL_FAST_MATH = YES;
				SDKROOT = iphoneos;
				SWIFT_COMPILATION_MODE = wholemodule;
				VALIDATE_PRODUCT = YES;
			};
			name = Release;
		};
		C60EB3822C0EE31000E0B362 /* Debug */ = {
			isa = XCBuildConfiguration;
			buildSettings = {
				ASSETCATALOG_COMPILER_APPICON_NAME = AppIcon;
				ASSETCATALOG_COMPILER_GLOBAL_ACCENT_COLOR_NAME = AccentColor;
				CODE_SIGN_STYLE = Automatic;
				CURRENT_PROJECT_VERSION = 1;
				GENERATE_INFOPLIST_FILE = YES;
				INFOPLIST_FILE = WorldTempDemo/Info.plist;
				INFOPLIST_KEY_UIApplicationSupportsIndirectInputEvents = YES;
				INFOPLIST_KEY_UILaunchStoryboardName = LaunchScreen;
				INFOPLIST_KEY_UIMainStoryboardFile = Main;
				INFOPLIST_KEY_UISupportedInterfaceOrientations_iPad = "UIInterfaceOrientationPortrait UIInterfaceOrientationPortraitUpsideDown UIInterfaceOrientationLandscapeLeft UIInterfaceOrientationLandscapeRight";
				INFOPLIST_KEY_UISupportedInterfaceOrientations_iPhone = "UIInterfaceOrientationPortrait UIInterfaceOrientationLandscapeLeft UIInterfaceOrientationLandscapeRight";
				LD_RUNPATH_SEARCH_PATHS = (
					"$(inherited)",
					"@executable_path/Frameworks",
				);
				MARKETING_VERSION = 1.0;
				PRODUCT_BUNDLE_IDENTIFIER = com.example.WorldTempDemo;
				PRODUCT_NAME = "$(TARGET_NAME)";
				SWIFT_EMIT_LOC_STRINGS = YES;
				SWIFT_VERSION = 5.0;
				TARGETED_DEVICE_FAMILY = "1,2";
			};
			name = Debug;
		};
		C60EB3832C0EE31000E0B362 /* Release */ = {
			isa = XCBuildConfiguration;
			buildSettings = {
				ASSETCATALOG_COMPILER_APPICON_NAME = AppIcon;
				ASSETCATALOG_COMPILER_GLOBAL_ACCENT_COLOR_NAME = AccentColor;
				CODE_SIGN_STYLE = Automatic;
				CURRENT_PROJECT_VERSION = 1;
				GENERATE_INFOPLIST_FILE = YES;
				INFOPLIST_FILE = WorldTempDemo/Info.plist;
				INFOPLIST_KEY_UIApplicationSupportsIndirectInputEvents = YES;
				INFOPLIST_KEY_UILaunchStoryboardName = LaunchScreen;
				INFOPLIST_KEY_UIMainStoryboardFile = Main;
				INFOPLIST_KEY_UISupportedInterfaceOrientations_iPad = "UIInterfaceOrientationPortrait UIInterfaceOrientationPortraitUpsideDown UIInterfaceOrientationLandscapeLeft UIInterfaceOrientationLandscapeRight";
				INFOPLIST_KEY_UISupportedInterfaceOrientations_iPhone = "UIInterfaceOrientationPortrait UIInterfaceOrientationLandscapeLeft UIInterfaceOrientationLandscapeRight";
				LD_RUNPATH_SEARCH_PATHS = (
					"$(inherited)",
					"@executable_path/Frameworks",
				);
				MARKETING_VERSION = 1.0;
				PRODUCT_BUNDLE_IDENTIFIER = com.example.WorldTempDemo;
				PRODUCT_NAME = "$(TARGET_NAME)";
				SWIFT_EMIT_LOC_STRINGS = YES;
				SWIFT_VERSION = 5.0;
				TARGETED_DEVICE_FAMILY = "1,2";
			};
			name = Release;
		};
		C60EB3852C0EE31000E0B362 /* Debug */ = {
			isa = XCBuildConfiguration;
			buildSettings = {
				ALWAYS_EMBED_SWIFT_STANDARD_LIBRARIES = YES;
				BUNDLE_LOADER = "$(TEST_HOST)";
				CODE_SIGN_STYLE = Automatic;
				CURRENT_PROJECT_VERSION = 1;
				GENERATE_INFOPLIST_FILE = YES;
				IPHONEOS_DEPLOYMENT_TARGET = 17.2;
				MARKETING_VERSION = 1.0;
				PRODUCT_BUNDLE_IDENTIFIER = com.example.WorldTempDemoTests;
				PRODUCT_NAME = "$(TARGET_NAME)";
				SWIFT_EMIT_LOC_STRINGS = NO;
				SWIFT_VERSION = 5.0;
				TARGETED_DEVICE_FAMILY = "1,2";
				TEST_HOST = "$(BUILT_PRODUCTS_DIR)/WorldTempDemo.app/$(BUNDLE_EXECUTABLE_FOLDER_PATH)/WorldTempDemo";
			};
			name = Debug;
		};
		C60EB3862C0EE31000E0B362 /* Release */ = {
			isa = XCBuildConfiguration;
			buildSettings = {
				ALWAYS_EMBED_SWIFT_STANDARD_LIBRARIES = YES;
				BUNDLE_LOADER = "$(TEST_HOST)";
				CODE_SIGN_STYLE = Automatic;
				CURRENT_PROJECT_VERSION = 1;
				GENERATE_INFOPLIST_FILE = YES;
				IPHONEOS_DEPLOYMENT_TARGET = 17.2;
				MARKETING_VERSION = 1.0;
				PRODUCT_BUNDLE_IDENTIFIER = com.example.WorldTempDemoTests;
				PRODUCT_NAME = "$(TARGET_NAME)";
				SWIFT_EMIT_LOC_STRINGS = NO;
				SWIFT_VERSION = 5.0;
				TARGETED_DEVICE_FAMILY = "1,2";
				TEST_HOST = "$(BUILT_PRODUCTS_DIR)/WorldTempDemo.app/$(BUNDLE_EXECUTABLE_FOLDER_PATH)/WorldTempDemo";
			};
			name = Release;
		};
		C60EB3882C0EE31000E0B362 /* Debug */ = {
			isa = XCBuildConfiguration;
			buildSettings = {
				ALWAYS_EMBED_SWIFT_STANDARD_LIBRARIES = YES;
				CODE_SIGN_STYLE = Automatic;
				CURRENT_PROJECT_VERSION = 1;
				GENERATE_INFOPLIST_FILE = YES;
				MARKETING_VERSION = 1.0;
				PRODUCT_BUNDLE_IDENTIFIER = com.example.WorldTempDemoUITests;
				PRODUCT_NAME = "$(TARGET_NAME)";
				SWIFT_EMIT_LOC_STRINGS = NO;
				SWIFT_VERSION = 5.0;
				TARGETED_DEVICE_FAMILY = "1,2";
				TEST_TARGET_NAME = WorldTempDemo;
			};
			name = Debug;
		};
		C60EB3892C0EE31000E0B362 /* Release */ = {
			isa = XCBuildConfiguration;
			buildSettings = {
				ALWAYS_EMBED_SWIFT_STANDARD_LIBRARIES = YES;
				CODE_SIGN_STYLE = Automatic;
				CURRENT_PROJECT_VERSION = 1;
				GENERATE_INFOPLIST_FILE = YES;
				MARKETING_VERSION = 1.0;
				PRODUCT_BUNDLE_IDENTIFIER = com.example.WorldTempDemoUITests;
				PRODUCT_NAME = "$(TARGET_NAME)";
				SWIFT_EMIT_LOC_STRINGS = NO;
				SWIFT_VERSION = 5.0;
				TARGETED_DEVICE_FAMILY = "1,2";
				TEST_TARGET_NAME = WorldTempDemo;
			};
			name = Release;
		};
/* End XCBuildConfiguration section */

/* Begin XCConfigurationList section */
		C60EB3522C0EE30F00E0B362 /* Build configuration list for PBXProject "WorldTempDemo" */ = {
			isa = XCConfigurationList;
			buildConfigurations = (
				C60EB37F2C0EE31000E0B362 /* Debug */,
				C60EB3802C0EE31000E0B362 /* Release */,
			);
			defaultConfigurationIsVisible = 0;
			defaultConfigurationName = Release;
		};
		C60EB3812C0EE31000E0B362 /* Build configuration list for PBXNativeTarget "WorldTempDemo" */ = {
			isa = XCConfigurationList;
			buildConfigurations = (
				C60EB3822C0EE31000E0B362 /* Debug */,
				C60EB3832C0EE31000E0B362 /* Release */,
			);
			defaultConfigurationIsVisible = 0;
			defaultConfigurationName = Release;
		};
		C60EB3842C0EE31000E0B362 /* Build configuration list for PBXNativeTarget "WorldTempDemoTests" */ = {
			isa = XCConfigurationList;
			buildConfigurations = (
				C60EB3852C0EE31000E0B362 /* Debug */,
				C60EB3862C0EE31000E0B362 /* Release */,
			);
			defaultConfigurationIsVisible = 0;
			defaultConfigurationName = Release;
		};
		C60EB3872C0EE31000E0B362 /* Build configuration list for PBXNativeTarget "WorldTempDemoUITests" */ = {
			isa = XCConfigurationList;
			buildConfigurations = (
				C60EB3882C0EE31000E0B362 /* Debug */,
				C60EB3892C0EE31000E0B362 /* Release */,
			);
			defaultConfigurationIsVisible = 0;
			defaultConfigurationName = Release;
		};
/* End XCConfigurationList section */
	};
	rootObject = C60EB34F2C0EE30F00E0B362 /* Project object */;
}
